// !$*UTF8*$!
{
	archiveVersion = 1;
	classes = {
	};
	objectVersion = 56;
	objects = {

/* Begin PBXBuildFile section */
		BE68F5812D02FF83004CA647 /* Date+FormattedString.swift in Sources */ = {isa = PBXBuildFile; fileRef = BE68F5802D02FF83004CA647 /* Date+FormattedString.swift */; };
		BE68F5832D030126004CA647 /* AccountSummaryViewController+Networking.swift in Sources */ = {isa = PBXBuildFile; fileRef = BE68F5822D030126004CA647 /* AccountSummaryViewController+Networking.swift */; };
		BE85FC8C2D0AD71B00153AA7 /* SkeletonLoadable.swift in Sources */ = {isa = PBXBuildFile; fileRef = BE85FC8B2D0AD71B00153AA7 /* SkeletonLoadable.swift */; };
		BE85FC8E2D0AD9B200153AA7 /* SkeletonCell.swift in Sources */ = {isa = PBXBuildFile; fileRef = BE85FC8D2D0AD9B200153AA7 /* SkeletonCell.swift */; };
		BE914B282CF6B8BE005A10A0 /* AppDelegate.swift in Sources */ = {isa = PBXBuildFile; fileRef = BE914B272CF6B8BE005A10A0 /* AppDelegate.swift */; };
		BE914B2C2CF6B8BE005A10A0 /* LoginViewController.swift in Sources */ = {isa = PBXBuildFile; fileRef = BE914B2B2CF6B8BE005A10A0 /* LoginViewController.swift */; };
		BE914B312CF6B8C0005A10A0 /* Assets.xcassets in Resources */ = {isa = PBXBuildFile; fileRef = BE914B302CF6B8C0005A10A0 /* Assets.xcassets */; };
		BE914B342CF6B8C0005A10A0 /* LaunchScreen.storyboard in Resources */ = {isa = PBXBuildFile; fileRef = BE914B322CF6B8C0005A10A0 /* LaunchScreen.storyboard */; };
		BE914B3F2CF6BC13005A10A0 /* LoginView.swift in Sources */ = {isa = PBXBuildFile; fileRef = BE914B3E2CF6BC13005A10A0 /* LoginView.swift */; };
		BE914B422CF6F81A005A10A0 /* OnboardingContainerViewController.swift in Sources */ = {isa = PBXBuildFile; fileRef = BE914B412CF6F81A005A10A0 /* OnboardingContainerViewController.swift */; };
		BE914B442CF6FEAE005A10A0 /* OnboardingViewController.swift in Sources */ = {isa = PBXBuildFile; fileRef = BE914B432CF6FEAE005A10A0 /* OnboardingViewController.swift */; };
		BE95BA5A2CF8076700A18CCD /* DummyViewController.swift in Sources */ = {isa = PBXBuildFile; fileRef = BE95BA592CF8076700A18CCD /* DummyViewController.swift */; };
		BE95BA5D2CF80F3B00A18CCD /* LocalState.swift in Sources */ = {isa = PBXBuildFile; fileRef = BE95BA5C2CF80F3B00A18CCD /* LocalState.swift */; };
		BE95BA5F2CF8257700A18CCD /* UIViewController+Utils.swift in Sources */ = {isa = PBXBuildFile; fileRef = BE95BA5E2CF8257700A18CCD /* UIViewController+Utils.swift */; };
		BE95BA612CF8270300A18CCD /* MainViewController.swift in Sources */ = {isa = PBXBuildFile; fileRef = BE95BA602CF8270300A18CCD /* MainViewController.swift */; };
		BE95BA642CF86F3D00A18CCD /* AccountSummaryViewController.swift in Sources */ = {isa = PBXBuildFile; fileRef = BE95BA632CF86F3D00A18CCD /* AccountSummaryViewController.swift */; };
		BE95BA662CF872C500A18CCD /* AccountSummaryHeaderView.swift in Sources */ = {isa = PBXBuildFile; fileRef = BE95BA652CF872C500A18CCD /* AccountSummaryHeaderView.swift */; };
		BE95BA682CF8730800A18CCD /* AccountSummaryHeaderView.xib in Resources */ = {isa = PBXBuildFile; fileRef = BE95BA672CF8730800A18CCD /* AccountSummaryHeaderView.xib */; };
		BEEBCD0D2D0189C60031083B /* NotificationCenter+Name.swift in Sources */ = {isa = PBXBuildFile; fileRef = BEEBCD0C2D0189C60031083B /* NotificationCenter+Name.swift */; };
		BEEBCD0F2D018ED50031083B /* UITextView+SecureToggle.swift in Sources */ = {isa = PBXBuildFile; fileRef = BEEBCD0E2D018ED50031083B /* UITextView+SecureToggle.swift */; };
		BEEBCD122D01A28E0031083B /* ShakeyBellView.swift in Sources */ = {isa = PBXBuildFile; fileRef = BEEBCD112D01A28E0031083B /* ShakeyBellView.swift */; };
		BEFF17702CF9A04B00F320B6 /* AccountSummaryCell.swift in Sources */ = {isa = PBXBuildFile; fileRef = BEFF176F2CF9A04B00F320B6 /* AccountSummaryCell.swift */; };
		BEFF17722CF9C32F00F320B6 /* DecimalUtils.swift in Sources */ = {isa = PBXBuildFile; fileRef = BEFF17712CF9C32F00F320B6 /* DecimalUtils.swift */; };
/* End PBXBuildFile section */

/* Begin PBXFileReference section */
		BE68F5802D02FF83004CA647 /* Date+FormattedString.swift */ = {isa = PBXFileReference; lastKnownFileType = sourcecode.swift; name = "Date+FormattedString.swift"; path = "../../../../../../Date+FormattedString.swift"; sourceTree = "<group>"; };
		BE68F5822D030126004CA647 /* AccountSummaryViewController+Networking.swift */ = {isa = PBXFileReference; lastKnownFileType = sourcecode.swift; path = "AccountSummaryViewController+Networking.swift"; sourceTree = "<group>"; };
		BE85FC8B2D0AD71B00153AA7 /* SkeletonLoadable.swift */ = {isa = PBXFileReference; lastKnownFileType = sourcecode.swift; path = SkeletonLoadable.swift; sourceTree = "<group>"; };
		BE85FC8D2D0AD9B200153AA7 /* SkeletonCell.swift */ = {isa = PBXFileReference; lastKnownFileType = sourcecode.swift; path = SkeletonCell.swift; sourceTree = "<group>"; };
		BE914B242CF6B8BE005A10A0 /* Bankey.app */ = {isa = PBXFileReference; explicitFileType = wrapper.application; includeInIndex = 0; path = Bankey.app; sourceTree = BUILT_PRODUCTS_DIR; };
		BE914B272CF6B8BE005A10A0 /* AppDelegate.swift */ = {isa = PBXFileReference; lastKnownFileType = sourcecode.swift; path = AppDelegate.swift; sourceTree = "<group>"; };
		BE914B2B2CF6B8BE005A10A0 /* LoginViewController.swift */ = {isa = PBXFileReference; lastKnownFileType = sourcecode.swift; path = LoginViewController.swift; sourceTree = "<group>"; };
		BE914B302CF6B8C0005A10A0 /* Assets.xcassets */ = {isa = PBXFileReference; lastKnownFileType = folder.assetcatalog; path = Assets.xcassets; sourceTree = "<group>"; };
		BE914B332CF6B8C0005A10A0 /* Base */ = {isa = PBXFileReference; lastKnownFileType = file.storyboard; name = Base; path = Base.lproj/LaunchScreen.storyboard; sourceTree = "<group>"; };
		BE914B352CF6B8C0005A10A0 /* Info.plist */ = {isa = PBXFileReference; lastKnownFileType = text.plist.xml; path = Info.plist; sourceTree = "<group>"; };
		BE914B3E2CF6BC13005A10A0 /* LoginView.swift */ = {isa = PBXFileReference; lastKnownFileType = sourcecode.swift; path = LoginView.swift; sourceTree = "<group>"; };
		BE914B412CF6F81A005A10A0 /* OnboardingContainerViewController.swift */ = {isa = PBXFileReference; lastKnownFileType = sourcecode.swift; path = OnboardingContainerViewController.swift; sourceTree = "<group>"; };
		BE914B432CF6FEAE005A10A0 /* OnboardingViewController.swift */ = {isa = PBXFileReference; lastKnownFileType = sourcecode.swift; path = OnboardingViewController.swift; sourceTree = "<group>"; };
		BE95BA592CF8076700A18CCD /* DummyViewController.swift */ = {isa = PBXFileReference; lastKnownFileType = sourcecode.swift; path = DummyViewController.swift; sourceTree = "<group>"; };
		BE95BA5C2CF80F3B00A18CCD /* LocalState.swift */ = {isa = PBXFileReference; lastKnownFileType = sourcecode.swift; path = LocalState.swift; sourceTree = "<group>"; };
		BE95BA5E2CF8257700A18CCD /* UIViewController+Utils.swift */ = {isa = PBXFileReference; lastKnownFileType = sourcecode.swift; path = "UIViewController+Utils.swift"; sourceTree = "<group>"; };
		BE95BA602CF8270300A18CCD /* MainViewController.swift */ = {isa = PBXFileReference; lastKnownFileType = sourcecode.swift; path = MainViewController.swift; sourceTree = "<group>"; };
		BE95BA632CF86F3D00A18CCD /* AccountSummaryViewController.swift */ = {isa = PBXFileReference; lastKnownFileType = sourcecode.swift; path = AccountSummaryViewController.swift; sourceTree = "<group>"; };
		BE95BA652CF872C500A18CCD /* AccountSummaryHeaderView.swift */ = {isa = PBXFileReference; lastKnownFileType = sourcecode.swift; path = AccountSummaryHeaderView.swift; sourceTree = "<group>"; };
		BE95BA672CF8730800A18CCD /* AccountSummaryHeaderView.xib */ = {isa = PBXFileReference; lastKnownFileType = file.xib; path = AccountSummaryHeaderView.xib; sourceTree = "<group>"; };
		BEEBCD0C2D0189C60031083B /* NotificationCenter+Name.swift */ = {isa = PBXFileReference; lastKnownFileType = sourcecode.swift; path = "NotificationCenter+Name.swift"; sourceTree = "<group>"; };
		BEEBCD0E2D018ED50031083B /* UITextView+SecureToggle.swift */ = {isa = PBXFileReference; lastKnownFileType = sourcecode.swift; path = "UITextView+SecureToggle.swift"; sourceTree = "<group>"; };
		BEEBCD112D01A28E0031083B /* ShakeyBellView.swift */ = {isa = PBXFileReference; lastKnownFileType = sourcecode.swift; path = ShakeyBellView.swift; sourceTree = "<group>"; };
		BEFF176F2CF9A04B00F320B6 /* AccountSummaryCell.swift */ = {isa = PBXFileReference; lastKnownFileType = sourcecode.swift; path = AccountSummaryCell.swift; sourceTree = "<group>"; };
		BEFF17712CF9C32F00F320B6 /* DecimalUtils.swift */ = {isa = PBXFileReference; lastKnownFileType = sourcecode.swift; path = DecimalUtils.swift; sourceTree = "<group>"; };
/* End PBXFileReference section */

/* Begin PBXFrameworksBuildPhase section */
		BE914B212CF6B8BE005A10A0 /* Frameworks */ = {
			isa = PBXFrameworksBuildPhase;
			buildActionMask = 2147483647;
			files = (
			);
			runOnlyForDeploymentPostprocessing = 0;
		};
/* End PBXFrameworksBuildPhase section */

/* Begin PBXGroup section */
		BE914B1B2CF6B8BE005A10A0 = {
			isa = PBXGroup;
			children = (
				BE914B262CF6B8BE005A10A0 /* Bankey */,
				BE914B252CF6B8BE005A10A0 /* Products */,
			);
			sourceTree = "<group>";
		};
		BE914B252CF6B8BE005A10A0 /* Products */ = {
			isa = PBXGroup;
			children = (
				BE914B242CF6B8BE005A10A0 /* Bankey.app */,
			);
			name = Products;
			sourceTree = "<group>";
		};
		BE914B262CF6B8BE005A10A0 /* Bankey */ = {
			isa = PBXGroup;
			children = (
				BE914B272CF6B8BE005A10A0 /* AppDelegate.swift */,
				BE95BA602CF8270300A18CCD /* MainViewController.swift */,
				BE914B3C2CF6BB8B005A10A0 /* Login */,
				BE914B402CF6F7F2005A10A0 /* Onboarding */,
				BE95BA622CF86F1B00A18CCD /* AccountSummary */,
				BE95BA5B2CF80F1E00A18CCD /* Utils */,
				BEEBCD102D01A2790031083B /* Components */,
				BE914B3D2CF6BBAA005A10A0 /* Files */,
			);
			path = Bankey;
			sourceTree = "<group>";
		};
		BE914B3C2CF6BB8B005A10A0 /* Login */ = {
			isa = PBXGroup;
			children = (
				BE914B2B2CF6B8BE005A10A0 /* LoginViewController.swift */,
				BE914B3E2CF6BC13005A10A0 /* LoginView.swift */,
				BE95BA592CF8076700A18CCD /* DummyViewController.swift */,
			);
			path = Login;
			sourceTree = "<group>";
		};
		BE914B3D2CF6BBAA005A10A0 /* Files */ = {
			isa = PBXGroup;
			children = (
				BE914B352CF6B8C0005A10A0 /* Info.plist */,
				BE914B302CF6B8C0005A10A0 /* Assets.xcassets */,
				BE914B322CF6B8C0005A10A0 /* LaunchScreen.storyboard */,
			);
			name = Files;
			sourceTree = "<group>";
		};
		BE914B402CF6F7F2005A10A0 /* Onboarding */ = {
			isa = PBXGroup;
			children = (
				BE914B412CF6F81A005A10A0 /* OnboardingContainerViewController.swift */,
				BE914B432CF6FEAE005A10A0 /* OnboardingViewController.swift */,
			);
			path = Onboarding;
			sourceTree = "<group>";
		};
		BE95BA5B2CF80F1E00A18CCD /* Utils */ = {
			isa = PBXGroup;
			children = (
				BE95BA5C2CF80F3B00A18CCD /* LocalState.swift */,
				BE95BA5E2CF8257700A18CCD /* UIViewController+Utils.swift */,
				BEFF17712CF9C32F00F320B6 /* DecimalUtils.swift */,
				BEEBCD0C2D0189C60031083B /* NotificationCenter+Name.swift */,
				BEEBCD0E2D018ED50031083B /* UITextView+SecureToggle.swift */,
				BE68F5802D02FF83004CA647 /* Date+FormattedString.swift */,
			);
			path = Utils;
			sourceTree = "<group>";
		};
		BE95BA622CF86F1B00A18CCD /* AccountSummary */ = {
			isa = PBXGroup;
			children = (
				BE95BA632CF86F3D00A18CCD /* AccountSummaryViewController.swift */,
				BE68F5822D030126004CA647 /* AccountSummaryViewController+Networking.swift */,
				BEFF176D2CF9A01100F320B6 /* Header */,
				BEFF176E2CF9A02200F320B6 /* Cells */,
			);
			path = AccountSummary;
			sourceTree = "<group>";
		};
		BEEBCD102D01A2790031083B /* Components */ = {
			isa = PBXGroup;
			children = (
				BEEBCD112D01A28E0031083B /* ShakeyBellView.swift */,
			);
			path = Components;
			sourceTree = "<group>";
		};
		BEFF176D2CF9A01100F320B6 /* Header */ = {
			isa = PBXGroup;
			children = (
				BE95BA652CF872C500A18CCD /* AccountSummaryHeaderView.swift */,
				BE95BA672CF8730800A18CCD /* AccountSummaryHeaderView.xib */,
			);
			path = Header;
			sourceTree = "<group>";
		};
		BEFF176E2CF9A02200F320B6 /* Cells */ = {
			isa = PBXGroup;
			children = (
				BEFF176F2CF9A04B00F320B6 /* AccountSummaryCell.swift */,
				BE85FC8D2D0AD9B200153AA7 /* SkeletonCell.swift */,
				BE85FC8B2D0AD71B00153AA7 /* SkeletonLoadable.swift */,
			);
			path = Cells;
			sourceTree = "<group>";
		};
/* End PBXGroup section */

/* Begin PBXNativeTarget section */
		BE914B232CF6B8BE005A10A0 /* Bankey */ = {
			isa = PBXNativeTarget;
			buildConfigurationList = BE914B382CF6B8C0005A10A0 /* Build configuration list for PBXNativeTarget "Bankey" */;
			buildPhases = (
				BE914B202CF6B8BE005A10A0 /* Sources */,
				BE914B212CF6B8BE005A10A0 /* Frameworks */,
				BE914B222CF6B8BE005A10A0 /* Resources */,
			);
			buildRules = (
			);
			dependencies = (
			);
			name = Bankey;
			productName = Bankey;
			productReference = BE914B242CF6B8BE005A10A0 /* Bankey.app */;
			productType = "com.apple.product-type.application";
		};
/* End PBXNativeTarget section */

/* Begin PBXProject section */
		BE914B1C2CF6B8BE005A10A0 /* Project object */ = {
			isa = PBXProject;
			attributes = {
				BuildIndependentTargetsInParallel = 1;
				LastSwiftUpdateCheck = 1520;
				LastUpgradeCheck = 1520;
				TargetAttributes = {
					BE914B232CF6B8BE005A10A0 = {
						CreatedOnToolsVersion = 15.2;
					};
				};
			};
			buildConfigurationList = BE914B1F2CF6B8BE005A10A0 /* Build configuration list for PBXProject "Bankey" */;
			compatibilityVersion = "Xcode 14.0";
			developmentRegion = en;
			hasScannedForEncodings = 0;
			knownRegions = (
				en,
				Base,
			);
			mainGroup = BE914B1B2CF6B8BE005A10A0;
			productRefGroup = BE914B252CF6B8BE005A10A0 /* Products */;
			projectDirPath = "";
			projectRoot = "";
			targets = (
				BE914B232CF6B8BE005A10A0 /* Bankey */,
			);
		};
/* End PBXProject section */

/* Begin PBXResourcesBuildPhase section */
		BE914B222CF6B8BE005A10A0 /* Resources */ = {
			isa = PBXResourcesBuildPhase;
			buildActionMask = 2147483647;
			files = (
				BE95BA682CF8730800A18CCD /* AccountSummaryHeaderView.xib in Resources */,
				BE914B342CF6B8C0005A10A0 /* LaunchScreen.storyboard in Resources */,
				BE914B312CF6B8C0005A10A0 /* Assets.xcassets in Resources */,
			);
			runOnlyForDeploymentPostprocessing = 0;
		};
/* End PBXResourcesBuildPhase section */

/* Begin PBXSourcesBuildPhase section */
		BE914B202CF6B8BE005A10A0 /* Sources */ = {
			isa = PBXSourcesBuildPhase;
			buildActionMask = 2147483647;
			files = (
				BE95BA5F2CF8257700A18CCD /* UIViewController+Utils.swift in Sources */,
				BE914B3F2CF6BC13005A10A0 /* LoginView.swift in Sources */,
				BE95BA5D2CF80F3B00A18CCD /* LocalState.swift in Sources */,
				BE95BA5A2CF8076700A18CCD /* DummyViewController.swift in Sources */,
				BE95BA662CF872C500A18CCD /* AccountSummaryHeaderView.swift in Sources */,
				BEEBCD122D01A28E0031083B /* ShakeyBellView.swift in Sources */,
				BEFF17722CF9C32F00F320B6 /* DecimalUtils.swift in Sources */,
				BE914B2C2CF6B8BE005A10A0 /* LoginViewController.swift in Sources */,
				BEFF17702CF9A04B00F320B6 /* AccountSummaryCell.swift in Sources */,
				BE914B442CF6FEAE005A10A0 /* OnboardingViewController.swift in Sources */,
				BE85FC8E2D0AD9B200153AA7 /* SkeletonCell.swift in Sources */,
				BE95BA612CF8270300A18CCD /* MainViewController.swift in Sources */,
				BEEBCD0D2D0189C60031083B /* NotificationCenter+Name.swift in Sources */,
				BE85FC8C2D0AD71B00153AA7 /* SkeletonLoadable.swift in Sources */,
				BE95BA642CF86F3D00A18CCD /* AccountSummaryViewController.swift in Sources */,
				BE68F5832D030126004CA647 /* AccountSummaryViewController+Networking.swift in Sources */,
				BE914B282CF6B8BE005A10A0 /* AppDelegate.swift in Sources */,
				BE68F5812D02FF83004CA647 /* Date+FormattedString.swift in Sources */,
				BEEBCD0F2D018ED50031083B /* UITextView+SecureToggle.swift in Sources */,
				BE914B422CF6F81A005A10A0 /* OnboardingContainerViewController.swift in Sources */,
			);
			runOnlyForDeploymentPostprocessing = 0;
		};
/* End PBXSourcesBuildPhase section */

/* Begin PBXVariantGroup section */
		BE914B322CF6B8C0005A10A0 /* LaunchScreen.storyboard */ = {
			isa = PBXVariantGroup;
			children = (
				BE914B332CF6B8C0005A10A0 /* Base */,
			);
			name = LaunchScreen.storyboard;
			sourceTree = "<group>";
		};
/* End PBXVariantGroup section */

/* Begin XCBuildConfiguration section */
		BE914B362CF6B8C0005A10A0 /* Debug */ = {
			isa = XCBuildConfiguration;
			buildSettings = {
				ALWAYS_SEARCH_USER_PATHS = NO;
				ASSETCATALOG_COMPILER_GENERATE_SWIFT_ASSET_SYMBOL_EXTENSIONS = YES;
				CLANG_ANALYZER_NONNULL = YES;
				CLANG_ANALYZER_NUMBER_OBJECT_CONVERSION = YES_AGGRESSIVE;
				CLANG_CXX_LANGUAGE_STANDARD = "gnu++20";
				CLANG_ENABLE_MODULES = YES;
				CLANG_ENABLE_OBJC_ARC = YES;
				CLANG_ENABLE_OBJC_WEAK = YES;
				CLANG_WARN_BLOCK_CAPTURE_AUTORELEASING = YES;
				CLANG_WARN_BOOL_CONVERSION = YES;
				CLANG_WARN_COMMA = YES;
				CLANG_WARN_CONSTANT_CONVERSION = YES;
				CLANG_WARN_DEPRECATED_OBJC_IMPLEMENTATIONS = YES;
				CLANG_WARN_DIRECT_OBJC_ISA_USAGE = YES_ERROR;
				CLANG_WARN_DOCUMENTATION_COMMENTS = YES;
				CLANG_WARN_EMPTY_BODY = YES;
				CLANG_WARN_ENUM_CONVERSION = YES;
				CLANG_WARN_INFINITE_RECURSION = YES;
				CLANG_WARN_INT_CONVERSION = YES;
				CLANG_WARN_NON_LITERAL_NULL_CONVERSION = YES;
				CLANG_WARN_OBJC_IMPLICIT_RETAIN_SELF = YES;
				CLANG_WARN_OBJC_LITERAL_CONVERSION = YES;
				CLANG_WARN_OBJC_ROOT_CLASS = YES_ERROR;
				CLANG_WARN_QUOTED_INCLUDE_IN_FRAMEWORK_HEADER = YES;
				CLANG_WARN_RANGE_LOOP_ANALYSIS = YES;
				CLANG_WARN_STRICT_PROTOTYPES = YES;
				CLANG_WARN_SUSPICIOUS_MOVE = YES;
				CLANG_WARN_UNGUARDED_AVAILABILITY = YES_AGGRESSIVE;
				CLANG_WARN_UNREACHABLE_CODE = YES;
				CLANG_WARN__DUPLICATE_METHOD_MATCH = YES;
				COPY_PHASE_STRIP = NO;
				DEBUG_INFORMATION_FORMAT = dwarf;
				ENABLE_STRICT_OBJC_MSGSEND = YES;
				ENABLE_TESTABILITY = YES;
				ENABLE_USER_SCRIPT_SANDBOXING = YES;
				GCC_C_LANGUAGE_STANDARD = gnu17;
				GCC_DYNAMIC_NO_PIC = NO;
				GCC_NO_COMMON_BLOCKS = YES;
				GCC_OPTIMIZATION_LEVEL = 0;
				GCC_PREPROCESSOR_DEFINITIONS = (
					"DEBUG=1",
					"$(inherited)",
				);
				GCC_WARN_64_TO_32_BIT_CONVERSION = YES;
				GCC_WARN_ABOUT_RETURN_TYPE = YES_ERROR;
				GCC_WARN_UNDECLARED_SELECTOR = YES;
				GCC_WARN_UNINITIALIZED_AUTOS = YES_AGGRESSIVE;
				GCC_WARN_UNUSED_FUNCTION = YES;
				GCC_WARN_UNUSED_VARIABLE = YES;
				IPHONEOS_DEPLOYMENT_TARGET = 17.2;
				LOCALIZATION_PREFERS_STRING_CATALOGS = YES;
				MTL_ENABLE_DEBUG_INFO = INCLUDE_SOURCE;
				MTL_FAST_MATH = YES;
				ONLY_ACTIVE_ARCH = YES;
				SDKROOT = iphoneos;
				SWIFT_ACTIVE_COMPILATION_CONDITIONS = "DEBUG $(inherited)";
				SWIFT_OPTIMIZATION_LEVEL = "-Onone";
			};
			name = Debug;
		};
		BE914B372CF6B8C0005A10A0 /* Release */ = {
			isa = XCBuildConfiguration;
			buildSettings = {
				ALWAYS_SEARCH_USER_PATHS = NO;
				ASSETCATALOG_COMPILER_GENERATE_SWIFT_ASSET_SYMBOL_EXTENSIONS = YES;
				CLANG_ANALYZER_NONNULL = YES;
				CLANG_ANALYZER_NUMBER_OBJECT_CONVERSION = YES_AGGRESSIVE;
				CLANG_CXX_LANGUAGE_STANDARD = "gnu++20";
				CLANG_ENABLE_MODULES = YES;
				CLANG_ENABLE_OBJC_ARC = YES;
				CLANG_ENABLE_OBJC_WEAK = YES;
				CLANG_WARN_BLOCK_CAPTURE_AUTORELEASING = YES;
				CLANG_WARN_BOOL_CONVERSION = YES;
				CLANG_WARN_COMMA = YES;
				CLANG_WARN_CONSTANT_CONVERSION = YES;
				CLANG_WARN_DEPRECATED_OBJC_IMPLEMENTATIONS = YES;
				CLANG_WARN_DIRECT_OBJC_ISA_USAGE = YES_ERROR;
				CLANG_WARN_DOCUMENTATION_COMMENTS = YES;
				CLANG_WARN_EMPTY_BODY = YES;
				CLANG_WARN_ENUM_CONVERSION = YES;
				CLANG_WARN_INFINITE_RECURSION = YES;
				CLANG_WARN_INT_CONVERSION = YES;
				CLANG_WARN_NON_LITERAL_NULL_CONVERSION = YES;
				CLANG_WARN_OBJC_IMPLICIT_RETAIN_SELF = YES;
				CLANG_WARN_OBJC_LITERAL_CONVERSION = YES;
				CLANG_WARN_OBJC_ROOT_CLASS = YES_ERROR;
				CLANG_WARN_QUOTED_INCLUDE_IN_FRAMEWORK_HEADER = YES;
				CLANG_WARN_RANGE_LOOP_ANALYSIS = YES;
				CLANG_WARN_STRICT_PROTOTYPES = YES;
				CLANG_WARN_SUSPICIOUS_MOVE = YES;
				CLANG_WARN_UNGUARDED_AVAILABILITY = YES_AGGRESSIVE;
				CLANG_WARN_UNREACHABLE_CODE = YES;
				CLANG_WARN__DUPLICATE_METHOD_MATCH = YES;
				COPY_PHASE_STRIP = NO;
				DEBUG_INFORMATION_FORMAT = "dwarf-with-dsym";
				ENABLE_NS_ASSERTIONS = NO;
				ENABLE_STRICT_OBJC_MSGSEND = YES;
				ENABLE_USER_SCRIPT_SANDBOXING = YES;
				GCC_C_LANGUAGE_STANDARD = gnu17;
				GCC_NO_COMMON_BLOCKS = YES;
				GCC_WARN_64_TO_32_BIT_CONVERSION = YES;
				GCC_WARN_ABOUT_RETURN_TYPE = YES_ERROR;
				GCC_WARN_UNDECLARED_SELECTOR = YES;
				GCC_WARN_UNINITIALIZED_AUTOS = YES_AGGRESSIVE;
				GCC_WARN_UNUSED_FUNCTION = YES;
				GCC_WARN_UNUSED_VARIABLE = YES;
				IPHONEOS_DEPLOYMENT_TARGET = 17.2;
				LOCALIZATION_PREFERS_STRING_CATALOGS = YES;
				MTL_ENABLE_DEBUG_INFO = NO;
				MTL_FAST_MATH = YES;
				SDKROOT = iphoneos;
				SWIFT_COMPILATION_MODE = wholemodule;
				VALIDATE_PRODUCT = YES;
			};
			name = Release;
		};
		BE914B392CF6B8C0005A10A0 /* Debug */ = {
			isa = XCBuildConfiguration;
			buildSettings = {
				ASSETCATALOG_COMPILER_APPICON_NAME = AppIcon;
				ASSETCATALOG_COMPILER_GLOBAL_ACCENT_COLOR_NAME = AccentColor;
				CODE_SIGN_STYLE = Automatic;
				CURRENT_PROJECT_VERSION = 1;
				GENERATE_INFOPLIST_FILE = YES;
				INFOPLIST_FILE = Bankey/Info.plist;
				INFOPLIST_KEY_UIApplicationSupportsIndirectInputEvents = YES;
				INFOPLIST_KEY_UILaunchStoryboardName = LaunchScreen;
				INFOPLIST_KEY_UISupportedInterfaceOrientations_iPad = "UIInterfaceOrientationPortrait UIInterfaceOrientationPortraitUpsideDown UIInterfaceOrientationLandscapeLeft UIInterfaceOrientationLandscapeRight";
				INFOPLIST_KEY_UISupportedInterfaceOrientations_iPhone = "UIInterfaceOrientationPortrait UIInterfaceOrientationLandscapeLeft UIInterfaceOrientationLandscapeRight";
				LD_RUNPATH_SEARCH_PATHS = (
					"$(inherited)",
					"@executable_path/Frameworks",
				);
				MARKETING_VERSION = 1.0;
				PRODUCT_BUNDLE_IDENTIFIER = com.learning.Bankey;
				PRODUCT_NAME = "$(TARGET_NAME)";
				SWIFT_EMIT_LOC_STRINGS = YES;
				SWIFT_VERSION = 5.0;
				TARGETED_DEVICE_FAMILY = "1,2";
			};
			name = Debug;
		};
		BE914B3A2CF6B8C0005A10A0 /* Release */ = {
			isa = XCBuildConfiguration;
			buildSettings = {
				ASSETCATALOG_COMPILER_APPICON_NAME = AppIcon;
				ASSETCATALOG_COMPILER_GLOBAL_ACCENT_COLOR_NAME = AccentColor;
				CODE_SIGN_STYLE = Automatic;
				CURRENT_PROJECT_VERSION = 1;
				GENERATE_INFOPLIST_FILE = YES;
				INFOPLIST_FILE = Bankey/Info.plist;
				INFOPLIST_KEY_UIApplicationSupportsIndirectInputEvents = YES;
				INFOPLIST_KEY_UILaunchStoryboardName = LaunchScreen;
				INFOPLIST_KEY_UISupportedInterfaceOrientations_iPad = "UIInterfaceOrientationPortrait UIInterfaceOrientationPortraitUpsideDown UIInterfaceOrientationLandscapeLeft UIInterfaceOrientationLandscapeRight";
				INFOPLIST_KEY_UISupportedInterfaceOrientations_iPhone = "UIInterfaceOrientationPortrait UIInterfaceOrientationLandscapeLeft UIInterfaceOrientationLandscapeRight";
				LD_RUNPATH_SEARCH_PATHS = (
					"$(inherited)",
					"@executable_path/Frameworks",
				);
				MARKETING_VERSION = 1.0;
				PRODUCT_BUNDLE_IDENTIFIER = com.learning.Bankey;
				PRODUCT_NAME = "$(TARGET_NAME)";
				SWIFT_EMIT_LOC_STRINGS = YES;
				SWIFT_VERSION = 5.0;
				TARGETED_DEVICE_FAMILY = "1,2";
			};
			name = Release;
		};
/* End XCBuildConfiguration section */

/* Begin XCConfigurationList section */
		BE914B1F2CF6B8BE005A10A0 /* Build configuration list for PBXProject "Bankey" */ = {
			isa = XCConfigurationList;
			buildConfigurations = (
				BE914B362CF6B8C0005A10A0 /* Debug */,
				BE914B372CF6B8C0005A10A0 /* Release */,
			);
			defaultConfigurationIsVisible = 0;
			defaultConfigurationName = Release;
		};
		BE914B382CF6B8C0005A10A0 /* Build configuration list for PBXNativeTarget "Bankey" */ = {
			isa = XCConfigurationList;
			buildConfigurations = (
				BE914B392CF6B8C0005A10A0 /* Debug */,
				BE914B3A2CF6B8C0005A10A0 /* Release */,
			);
			defaultConfigurationIsVisible = 0;
			defaultConfigurationName = Release;
		};
/* End XCConfigurationList section */
	};
	rootObject = BE914B1C2CF6B8BE005A10A0 /* Project object */;
}
